{
  "requires": true,
  "lockfileVersion": 1,
  "dependencies": {
    "mixpanel-browser": {
      "version": "2.38.0",
      "resolved": "https://registry.npmjs.org/mixpanel-browser/-/mixpanel-browser-2.38.0.tgz",
      "integrity": "sha512-6Gl95g91PWKBV6E25ga9coD7i4wWl3DgTgtaBPXG+ijNvvj6rQD1tOHJvcZgT4tucGbaNk4oYJC5lmrR0rnOBQ=="
    }
  }
}
